
Microsoft Visual Studio Solution File, Format Version 12.00
# Visual Studio Version 16
VisualStudioVersion = 16.0.29911.84
MinimumVisualStudioVersion = 10.0.40219.1
Project("{FAE04EC0-301F-11D3-BF4B-00C04F79EFBC}") = "Internet veikals", "Internet veikals\Internet veikals.csproj", "{344775F9-EBF2-4F93-A874-F08E9A5F4BA6}"
EndProject
Global
	GlobalSection(SolutionConfigurationPlatforms) = preSolution
		Debug|Any CPU = Debug|Any CPU
		Release|Any CPU = Release|Any CPU
	EndGlobalSection
	GlobalSection(ProjectConfigurationPlatforms) = postSolution
		{344775F9-EBF2-4F93-A874-F08E9A5F4BA6}.Debug|Any CPU.ActiveCfg = Debug|Any CPU
		{344775F9-EBF2-4F93-A874-F08E9A5F4BA6}.Debug|Any CPU.Build.0 = Debug|Any CPU
		{344775F9-EBF2-4F93-A874-F08E9A5F4BA6}.Release|Any CPU.ActiveCfg = Release|Any CPU
		{344775F9-EBF2-4F93-A874-F08E9A5F4BA6}.Release|Any CPU.Build.0 = Release|Any CPU
	EndGlobalSection
	GlobalSection(SolutionProperties) = preSolution
		HideSolutionNode = FALSE
	EndGlobalSection
	GlobalSection(ExtensibilityGlobals) = postSolution
		SolutionGuid = {A97A933B-7D6F-4878-AF04-61D3698A28AA}
	EndGlobalSection
EndGlobal
